version = 1
revision = 3
requires-python = "==3.11.*"

[[package]]
name = "fake-news-detection-reproduction"
version = "0.1.0"
source = { virtual = "." }
dependencies = [
    { name = "numpy" },
    { name = "pandas" },
    { name = "scikit-learn" },
]

[package.metadata]
requires-dist = [
    { name = "numpy", specifier = "<2" },
    { name = "pandas", specifier = "==1.5.3" },
    { name = "scikit-learn", specifier = ">=1.9.0" },
]

[package.metadata.requires-dev]
dev = []

[[package]]
name = "joblib"
version = "1.5.3"
source = { registry = "https://pypi.org/simple" }
sdist = { url = "https://files.pythonhosted.org/packages/41/f2/d34e8b3a08a9cc79a50b2208a93dce981fe615b64d5a4d4abee421d898df/joblib-1.5.3.tar.gz", hash = "sha256:8561a3269e6801106863fd0d6d84bb737be9e7631e33aaed3fb9ce5953688da3", size = 331603, upload-time = "2025-12-15T08:41:46.427Z" }
wheels = [
    { url = "https://files.pythonhosted.org/packages/7b/91/984aca2ec129e2757d1e4e3c81c3fcda9d0f85b74670a094cc443d9ee949/joblib-1.5.3-py3-none-any.whl", hash = "sha256:5fc3c5039fc5ca8c0276333a188bbd59d6b7ab37fe6632daa76bc7f9ec18e713", size = 309071, upload-time = "2025-12-15T08:41:44.973Z" },
]

[[package]]
name = "narwhals"
version = "2.24.0"
source = { registry = "https://pypi.org/simple" }
sdist = { url = "https://files.pythonhosted.org/packages/2b/1d/58946e5aab18393e793bd4add6985b95d0e01c3a2d832f38f54468b10dcd/narwhals-2.24.0.tar.gz", hash = "sha256:b5c0f684ccd9d7475b564111e319a4964abcf2baf79d3cf6b1003d06ac9b828d", size = 661143, upload-time = "2026-07-13T10:49:19.086Z" }
wheels = [
    { url = "https://files.pythonhosted.org/packages/7e/85/a5bfaebfd305ac18b57b0854d74e37e586809061a91fda62f0bd50c8518e/narwhals-2.24.0-py3-none-any.whl", hash = "sha256:42fdedf44e5b2ca7505630d45b4ac3058f38d8485cba9fe1652ca23152df7489", size = 461030, upload-time = "2026-07-13T10:49:17.571Z" },
]

[[package]]
name = "numpy"
version = "1.26.4"
source = { registry = "https://pypi.org/simple" }
sdist = { url = "https://files.pythonhosted.org/packages/65/6e/09db70a523a96d25e115e71cc56a6f9031e7b8cd166c1ac8438307c14058/numpy-1.26.4.tar.gz", hash = "sha256:2a02aba9ed12e4ac4eb3ea9421c420301a0c6460d9830d74a9df87efa4912010", size = 15786129, upload-time = "2024-02-06T00:26:44.495Z" }
wheels = [
    { url = "https://files.pythonhosted.org/packages/11/57/baae43d14fe163fa0e4c47f307b6b2511ab8d7d30177c491960504252053/numpy-1.26.4-cp311-cp311-macosx_10_9_x86_64.whl", hash = "sha256:4c66707fabe114439db9068ee468c26bbdf909cac0fb58686a42a24de1760c71", size = 20630554, upload-time = "2024-02-05T23:51:50.149Z" },
    { url = "https://files.pythonhosted.org/packages/1a/2e/151484f49fd03944c4a3ad9c418ed193cfd02724e138ac8a9505d056c582/numpy-1.26.4-cp311-cp311-macosx_11_0_arm64.whl", hash = "sha256:edd8b5fe47dab091176d21bb6de568acdd906d1887a4584a15a9a96a1dca06ef", size = 13997127, upload-time = "2024-02-05T23:52:15.314Z" },
    { url = "https://files.pythonhosted.org/packages/79/ae/7e5b85136806f9dadf4878bf73cf223fe5c2636818ba3ab1c585d0403164/numpy-1.26.4-cp311-cp311-manylinux_2_17_aarch64.manylinux2014_aarch64.whl", hash = "sha256:7ab55401287bfec946ced39700c053796e7cc0e3acbef09993a9ad2adba6ca6e", size = 14222994, upload-time = "2024-02-05T23:52:47.569Z" },
    { url = "https://files.pythonhosted.org/packages/3a/d0/edc009c27b406c4f9cbc79274d6e46d634d139075492ad055e3d68445925/numpy-1.26.4-cp311-cp311-manylinux_2_17_x86_64.manylinux2014_x86_64.whl", hash = "sha256:666dbfb6ec68962c033a450943ded891bed2d54e6755e35e5835d63f4f6931d5", size = 18252005, upload-time = "2024-02-05T23:53:15.637Z" },
    { url = "https://files.pythonhosted.org/packages/09/bf/2b1aaf8f525f2923ff6cfcf134ae5e750e279ac65ebf386c75a0cf6da06a/numpy-1.26.4-cp311-cp311-musllinux_1_1_aarch64.whl", hash = "sha256:96ff0b2ad353d8f990b63294c8986f1ec3cb19d749234014f4e7eb0112ceba5a", size = 13885297, upload-time = "2024-02-05T23:53:42.16Z" },
    { url = "https://files.pythonhosted.org/packages/df/a0/4e0f14d847cfc2a633a1c8621d00724f3206cfeddeb66d35698c4e2cf3d2/numpy-1.26.4-cp311-cp311-musllinux_1_1_x86_64.whl", hash = "sha256:60dedbb91afcbfdc9bc0b1f3f402804070deed7392c23eb7a7f07fa857868e8a", size = 18093567, upload-time = "2024-02-05T23:54:11.696Z" },
    { url = "https://files.pythonhosted.org/packages/d2/b7/a734c733286e10a7f1a8ad1ae8c90f2d33bf604a96548e0a4a3a6739b468/numpy-1.26.4-cp311-cp311-win32.whl", hash = "sha256:1af303d6b2210eb850fcf03064d364652b7120803a0b872f5211f5234b399f20", size = 5968812, upload-time = "2024-02-05T23:54:26.453Z" },
    { url = "https://files.pythonhosted.org/packages/3f/6b/5610004206cf7f8e7ad91c5a85a8c71b2f2f8051a0c0c4d5916b76d6cbb2/numpy-1.26.4-cp311-cp311-win_amd64.whl", hash = "sha256:cd25bcecc4974d09257ffcd1f098ee778f7834c3ad767fe5db785be9a4aa9cb2", size = 15811913, upload-time = "2024-02-05T23:54:53.933Z" },
]

[[package]]
name = "pandas"
version = "1.5.3"
source = { registry = "https://pypi.org/simple" }
dependencies = [
    { name = "numpy" },
    { name = "python-dateutil" },
    { name = "pytz" },
]
sdist = { url = "https://files.pythonhosted.org/packages/74/ee/146cab1ff6d575b54ace8a6a5994048380dc94879b0125b25e62edcb9e52/pandas-1.5.3.tar.gz", hash = "sha256:74a3fd7e5a7ec052f183273dc7b0acd3a863edf7520f5d3a1765c04ffdb3b0b1", size = 5203060, upload-time = "2023-01-19T08:31:39.615Z" }
wheels = [
    { url = "https://files.pythonhosted.org/packages/e2/24/a26af514113fd5eca2d8fe41ba4f22f70dfe6afefde4a6beb6a203570935/pandas-1.5.3-cp311-cp311-macosx_10_9_universal2.whl", hash = "sha256:6973549c01ca91ec96199e940495219c887ea815b2083722821f1d7abfa2b4dc", size = 18387750, upload-time = "2023-01-19T08:29:43.119Z" },
    { url = "https://files.pythonhosted.org/packages/53/c9/d2f910dace7ef849b626980d0fd033b9cded36568949c8d560c9630ad2e0/pandas-1.5.3-cp311-cp311-macosx_10_9_x86_64.whl", hash = "sha256:c39a8da13cede5adcd3be1182883aea1c925476f4e84b2807a46e2775306305d", size = 11868668, upload-time = "2023-01-19T08:29:48.733Z" },
    { url = "https://files.pythonhosted.org/packages/b0/be/1843b9aff84b98899663e7cad9f45513dfdd11d69cb5bd85c648aaf6a8d4/pandas-1.5.3-cp311-cp311-macosx_11_0_arm64.whl", hash = "sha256:f76d097d12c82a535fda9dfe5e8dd4127952b45fea9b0276cb30cca5ea313fbc", size = 10814036, upload-time = "2023-01-19T08:29:54.886Z" },
    { url = "https://files.pythonhosted.org/packages/63/8d/c2bd356b9d4baf1c5cf8d7e251fb4540e87083072c905430da48c2bb31eb/pandas-1.5.3-cp311-cp311-manylinux_2_17_aarch64.manylinux2014_aarch64.whl", hash = "sha256:e474390e60ed609cec869b0da796ad94f420bb057d86784191eefc62b65819ae", size = 11374218, upload-time = "2023-01-19T08:30:00.5Z" },
    { url = "https://files.pythonhosted.org/packages/56/73/3351beeb807dca69fcc3c4966bcccc51552bd01549a9b13c04ab00a43f21/pandas-1.5.3-cp311-cp311-manylinux_2_17_x86_64.manylinux2014_x86_64.whl", hash = "sha256:5f2b952406a1588ad4cad5b3f55f520e82e902388a6d5a4a91baa8d38d23c7f6", size = 12017319, upload-time = "2023-01-19T08:30:06.097Z" },
    { url = "https://files.pythonhosted.org/packages/da/6d/1235da14daddaa6e47f74ba0c255358f0ce7a6ee05da8bf8eb49161aa6b5/pandas-1.5.3-cp311-cp311-win_amd64.whl", hash = "sha256:bc4c368f42b551bf72fac35c5128963a171b40dce866fb066540eeaf46faa003", size = 10303385, upload-time = "2023-01-19T08:30:11.148Z" },
]

[[package]]
name = "python-dateutil"
version = "2.9.0.post0"
source = { registry = "https://pypi.org/simple" }
dependencies = [
    { name = "six" },
]
sdist = { url = "https://files.pythonhosted.org/packages/66/c0/0c8b6ad9f17a802ee498c46e004a0eb49bc148f2fd230864601a86dcf6db/python-dateutil-2.9.0.post0.tar.gz", hash = "sha256:37dd54208da7e1cd875388217d5e00ebd4179249f90fb72437e91a35459a0ad3", size = 342432, upload-time = "2024-03-01T18:36:20.211Z" }
wheels = [
    { url = "https://files.pythonhosted.org/packages/ec/57/56b9bcc3c9c6a792fcbaf139543cee77261f3651ca9da0c93f5c1221264b/python_dateutil-2.9.0.post0-py2.py3-none-any.whl", hash = "sha256:a8b2bc7bffae282281c8140a97d3aa9c14da0b136dfe83f850eea9a5f7470427", size = 229892, upload-time = "2024-03-01T18:36:18.57Z" },
]

[[package]]
name = "pytz"
version = "2026.3.post1"
source = { registry = "https://pypi.org/simple" }
sdist = { url = "https://files.pythonhosted.org/packages/fb/48/fb042503b6ca6cd271261dc559fd6432f7d8c713153e9ec5c591af4dfc1c/pytz-2026.3.post1.tar.gz", hash = "sha256:2211d3fcf9a797d3405cac96ac7f61d80e6a644f72a3309607282fe8a2010c5d", size = 319745, upload-time = "2026-07-25T15:12:07.385Z" }
wheels = [
    { url = "https://files.pythonhosted.org/packages/0f/7b/39c34ca613b0b198cb866466651b26b045e2009864c5183c979a3b83f383/pytz-2026.3.post1-py2.py3-none-any.whl", hash = "sha256:dd95840dd199baea12d9cc096a1d452caa6596a1c1e4b5f3dbd1541855d5e815", size = 508283, upload-time = "2026-07-25T15:12:05.782Z" },
]

[[package]]
name = "scikit-learn"
version = "1.9.0"
source = { registry = "https://pypi.org/simple" }
dependencies = [
    { name = "joblib" },
    { name = "narwhals" },
    { name = "numpy" },
    { name = "scipy" },
    { name = "threadpoolctl" },
]
sdist = { url = "https://files.pythonhosted.org/packages/fa/6f/37092bdb25f712817231799fc5674d8e704066a8a70c1d2d40517e18b4ab/scikit_learn-1.9.0.tar.gz", hash = "sha256:8833266989d3a5110178a9fae30783675460724d0e1efb13b14901d2c660c557", size = 7750767, upload-time = "2026-06-02T11:54:32.706Z" }
wheels = [
    { url = "https://files.pythonhosted.org/packages/f5/be/e844fd9586e66540a15b71924d17a6cbc1bb749e81ddd0a796bcdba4c055/scikit_learn-1.9.0-cp311-cp311-macosx_10_9_x86_64.whl", hash = "sha256:9db6f4d34e68c8899e4cab27fdf8eafe6ed21f2ba52ceb25ea250cd237f8e47b", size = 8789686, upload-time = "2026-06-02T11:53:05.439Z" },
    { url = "https://files.pythonhosted.org/packages/42/e2/ff880f62677a17d035817d543cb0fc8727d01eccbee81c5f7fc733a9d856/scikit_learn-1.9.0-cp311-cp311-macosx_12_0_arm64.whl", hash = "sha256:f401448645a3e7bc115aa3c094097865155b34bff1cba8101857d9104e99074c", size = 8256782, upload-time = "2026-06-02T11:53:08.904Z" },
    { url = "https://files.pythonhosted.org/packages/25/64/eb40435e1a508ab1b4e284ce43ae80f6a162e5be5e38ed5a6fab467a9ea4/scikit_learn-1.9.0-cp311-cp311-manylinux_2_27_aarch64.manylinux_2_28_aarch64.whl", hash = "sha256:fd3a8ef0c758555a3b23c03adaa858af32f7736785ded50ad5991f59c4ed03fa", size = 8992419, upload-time = "2026-06-02T11:53:11.551Z" },
    { url = "https://files.pythonhosted.org/packages/8d/da/4810a28e473185429e45a57eebcc91fc991b33d889cc0676063e671db03d/scikit_learn-1.9.0-cp311-cp311-manylinux_2_27_x86_64.manylinux_2_28_x86_64.whl", hash = "sha256:f7e254636164090da847715a27f8e5478feb98c40a9e0ee90cbd277de9e5ceb8", size = 9281411, upload-time = "2026-06-02T11:53:15.063Z" },
    { url = "https://files.pythonhosted.org/packages/3b/67/be3d369f40d8178ba3bd86635d132e08cb5329b023e4669d9426d84bc007/scikit_learn-1.9.0-cp311-cp311-win_amd64.whl", hash = "sha256:5dc1818c77575d149e25fce9ef82dd7b7263ae372f03494158668ad632a69759", size = 8272736, upload-time = "2026-06-02T11:53:18.108Z" },
    { url = "https://files.pythonhosted.org/packages/37/79/a733f02dc2118da7e77a134b34f39f40201a353311b011d20859d2db3556/scikit_learn-1.9.0-cp311-cp311-win_arm64.whl", hash = "sha256:366652351f092b219c248f1e72821e841960a63d8f358f1dcfd54dc1cbdbbc28", size = 7919564, upload-time = "2026-06-02T11:53:21.2Z" },
]

[[package]]
name = "scipy"
version = "1.17.1"
source = { registry = "https://pypi.org/simple" }
dependencies = [
    { name = "numpy" },
]
sdist = { url = "https://files.pythonhosted.org/packages/7a/97/5a3609c4f8d58b039179648e62dd220f89864f56f7357f5d4f45c29eb2cc/scipy-1.17.1.tar.gz", hash = "sha256:95d8e012d8cb8816c226aef832200b1d45109ed4464303e997c5b13122b297c0", size = 30573822, upload-time = "2026-02-23T00:26:24.851Z" }
wheels = [
    { url = "https://files.pythonhosted.org/packages/df/75/b4ce781849931fef6fd529afa6b63711d5a733065722d0c3e2724af9e40a/scipy-1.17.1-cp311-cp311-macosx_10_14_x86_64.whl", hash = "sha256:1f95b894f13729334fb990162e911c9e5dc1ab390c58aa6cbecb389c5b5e28ec", size = 31613675, upload-time = "2026-02-23T00:16:00.13Z" },
    { url = "https://files.pythonhosted.org/packages/f7/58/bccc2861b305abdd1b8663d6130c0b3d7cc22e8d86663edbc8401bfd40d4/scipy-1.17.1-cp311-cp311-macosx_12_0_arm64.whl", hash = "sha256:e18f12c6b0bc5a592ed23d3f7b891f68fd7f8241d69b7883769eb5d5dfb52696", size = 28162057, upload-time = "2026-02-23T00:16:09.456Z" },
    { url = "https://files.pythonhosted.org/packages/6d/ee/18146b7757ed4976276b9c9819108adbc73c5aad636e5353e20746b73069/scipy-1.17.1-cp311-cp311-macosx_14_0_arm64.whl", hash = "sha256:a3472cfbca0a54177d0faa68f697d8ba4c80bbdc19908c3465556d9f7efce9ee", size = 20334032, upload-time = "2026-02-23T00:16:17.358Z" },
    { url = "https://files.pythonhosted.org/packages/ec/e6/cef1cf3557f0c54954198554a10016b6a03b2ec9e22a4e1df734936bd99c/scipy-1.17.1-cp311-cp311-macosx_14_0_x86_64.whl", hash = "sha256:766e0dc5a616d026a3a1cffa379af959671729083882f50307e18175797b3dfd", size = 22709533, upload-time = "2026-02-23T00:16:25.791Z" },
    { url = "https://files.pythonhosted.org/packages/4d/60/8804678875fc59362b0fb759ab3ecce1f09c10a735680318ac30da8cd76b/scipy-1.17.1-cp311-cp311-manylinux_2_27_aarch64.manylinux_2_28_aarch64.whl", hash = "sha256:744b2bf3640d907b79f3fd7874efe432d1cf171ee721243e350f55234b4cec4c", size = 33062057, upload-time = "2026-02-23T00:16:36.931Z" },
    { url = "https://files.pythonhosted.org/packages/09/7d/af933f0f6e0767995b4e2d705a0665e454d1c19402aa7e895de3951ebb04/scipy-1.17.1-cp311-cp311-manylinux_2_27_x86_64.manylinux_2_28_x86_64.whl", hash = "sha256:43af8d1f3bea642559019edfe64e9b11192a8978efbd1539d7bc2aaa23d92de4", size = 35349300, upload-time = "2026-02-23T00:16:49.108Z" },
    { url = "https://files.pythonhosted.org/packages/b4/3d/7ccbbdcbb54c8fdc20d3b6930137c782a163fa626f0aef920349873421ba/scipy-1.17.1-cp311-cp311-musllinux_1_2_aarch64.whl", hash = "sha256:cd96a1898c0a47be4520327e01f874acfd61fb48a9420f8aa9f6483412ffa444", size = 35127333, upload-time = "2026-02-23T00:17:01.293Z" },
    { url = "https://files.pythonhosted.org/packages/e8/19/f926cb11c42b15ba08e3a71e376d816ac08614f769b4f47e06c3580c836a/scipy-1.17.1-cp311-cp311-musllinux_1_2_x86_64.whl", hash = "sha256:4eb6c25dd62ee8d5edf68a8e1c171dd71c292fdae95d8aeb3dd7d7de4c364082", size = 37741314, upload-time = "2026-02-23T00:17:12.576Z" },
    { url = "https://files.pythonhosted.org/packages/95/da/0d1df507cf574b3f224ccc3d45244c9a1d732c81dcb26b1e8a766ae271a8/scipy-1.17.1-cp311-cp311-win_amd64.whl", hash = "sha256:d30e57c72013c2a4fe441c2fcb8e77b14e152ad48b5464858e07e2ad9fbfceff", size = 36607512, upload-time = "2026-02-23T00:17:23.424Z" },
    { url = "https://files.pythonhosted.org/packages/68/7f/bdd79ceaad24b671543ffe0ef61ed8e659440eb683b66f033454dcee90eb/scipy-1.17.1-cp311-cp311-win_arm64.whl", hash = "sha256:9ecb4efb1cd6e8c4afea0daa91a87fbddbce1b99d2895d151596716c0b2e859d", size = 24599248, upload-time = "2026-02-23T00:17:34.561Z" },
]

[[package]]
name = "six"
version = "1.17.0"
source = { registry = "https://pypi.org/simple" }
sdist = { url = "https://files.pythonhosted.org/packages/94/e7/b2c673351809dca68a0e064b6af791aa332cf192da575fd474ed7d6f16a2/six-1.17.0.tar.gz", hash = "sha256:ff70335d468e7eb6ec65b95b99d3a2836546063f63acc5171de367e834932a81", size = 34031, upload-time = "2024-12-04T17:35:28.174Z" }
wheels = [
    { url = "https://files.pythonhosted.org/packages/b7/ce/149a00dd41f10bc29e5921b496af8b574d8413afcd5e30dfa0ed46c2cc5e/six-1.17.0-py2.py3-none-any.whl", hash = "sha256:4721f391ed90541fddacab5acf947aa0d3dc7d27b2e1e8eda2be8970586c3274", size = 11050, upload-time = "2024-12-04T17:35:26.475Z" },
]

[[package]]
name = "threadpoolctl"
version = "3.6.0"
source = { registry = "https://pypi.org/simple" }
sdist = { url = "https://files.pythonhosted.org/packages/b7/4d/08c89e34946fce2aec4fbb45c9016efd5f4d7f24af8e5d93296e935631d8/threadpoolctl-3.6.0.tar.gz", hash = "sha256:8ab8b4aa3491d812b623328249fab5302a68d2d71745c8a4c719a2fcaba9f44e", size = 21274, upload-time = "2025-03-13T13:49:23.031Z" }
wheels = [
    { url = "https://files.pythonhosted.org/packages/32/d5/f9a850d79b0851d1d4ef6456097579a9005b31fea68726a4ae5f2d82ddd9/threadpoolctl-3.6.0-py3-none-any.whl", hash = "sha256:43a0b8fd5a2928500110039e43a5eed8480b918967083ea48dc3ab9f13c4a7fb", size = 18638, upload-time = "2025-03-13T13:49:21.846Z" },
]
